// !$*UTF8*$!
{
	archiveVersion = 1;
	classes = {
	};
	objectVersion = 42;
	objects = {

/* Begin PBXBuildStyle section */
		014CEA460018CE2711CA2923 /* Debug */ = {
			isa = PBXBuildStyle;
			buildSettings = {
			};
			name = Debug;
		};
		014CEA470018CE2711CA2923 /* Release */ = {
			isa = PBXBuildStyle;
			buildSettings = {
			};
			name = Release;
		};
/* End PBXBuildStyle section */

/* Begin PBXFileReference section */
		3DE109020D22A69100F2ADEC /* cmd.c */ = {isa = PBXFileReference; fileEncoding = 30; lastKnownFileType = sourcecode.c.c; name = cmd.c; path = src/cmd.c; sourceTree = "<group>"; };
		3DE109030D22A69100F2ADEC /* cmd.h */ = {isa = PBXFileReference; fileEncoding = 30; lastKnownFileType = sourcecode.c.h; name = cmd.h; path = src/cmd.h; sourceTree = "<group>"; };
		3DE109040D22A69100F2ADEC /* compile-lm.cpp */ = {isa = PBXFileReference; fileEncoding = 30; lastKnownFileType = sourcecode.cpp.cpp; name = "compile-lm.cpp"; path = "src/compile-lm.cpp"; sourceTree = "<group>"; };
		3DE109050D22A69100F2ADEC /* dict.cpp */ = {isa = PBXFileReference; fileEncoding = 30; lastKnownFileType = sourcecode.cpp.cpp; name = dict.cpp; path = src/dict.cpp; sourceTree = "<group>"; };
		3DE109060D22A69100F2ADEC /* dictionary.cpp */ = {isa = PBXFileReference; fileEncoding = 30; lastKnownFileType = sourcecode.cpp.cpp; name = dictionary.cpp; path = src/dictionary.cpp; sourceTree = "<group>"; };
		3DE109070D22A69100F2ADEC /* dictionary.h */ = {isa = PBXFileReference; fileEncoding = 30; lastKnownFileType = sourcecode.c.h; name = dictionary.h; path = src/dictionary.h; sourceTree = "<group>"; };
		3DE109080D22A69100F2ADEC /* gzfilebuf.h */ = {isa = PBXFileReference; fileEncoding = 30; lastKnownFileType = sourcecode.c.h; name = gzfilebuf.h; path = src/gzfilebuf.h; sourceTree = "<group>"; };
		3DE109090D22A69100F2ADEC /* htable.cpp */ = {isa = PBXFileReference; fileEncoding = 30; lastKnownFileType = sourcecode.cpp.cpp; name = htable.cpp; path = src/htable.cpp; sourceTree = "<group>"; };
		3DE1090A0D22A69100F2ADEC /* htable.h */ = {isa = PBXFileReference; fileEncoding = 30; lastKnownFileType = sourcecode.c.h; name = htable.h; path = src/htable.h; sourceTree = "<group>"; };
		3DE1090B0D22A69100F2ADEC /* index.h */ = {isa = PBXFileReference; fileEncoding = 30; lastKnownFileType = sourcecode.c.h; name = index.h; path = src/index.h; sourceTree = "<group>"; };
		3DE1090C0D22A69100F2ADEC /* lmmacro.cpp */ = {isa = PBXFileReference; fileEncoding = 30; lastKnownFileType = sourcecode.cpp.cpp; name = lmmacro.cpp; path = src/lmmacro.cpp; sourceTree = "<group>"; };
		3DE1090D0D22A69100F2ADEC /* lmmacro.h */ = {isa = PBXFileReference; fileEncoding = 30; lastKnownFileType = sourcecode.c.h; name = lmmacro.h; path = src/lmmacro.h; sourceTree = "<group>"; };
		3DE1090E0D22A69100F2ADEC /* lmtable.cpp */ = {isa = PBXFileReference; fileEncoding = 30; lastKnownFileType = sourcecode.cpp.cpp; name = lmtable.cpp; path = src/lmtable.cpp; sourceTree = "<group>"; };
		3DE1090F0D22A69100F2ADEC /* lmtable.h */ = {isa = PBXFileReference; fileEncoding = 30; lastKnownFileType = sourcecode.c.h; name = lmtable.h; path = src/lmtable.h; sourceTree = "<group>"; };
		3DE109110D22A69100F2ADEC /* mempool.cpp */ = {isa = PBXFileReference; fileEncoding = 30; lastKnownFileType = sourcecode.cpp.cpp; name = mempool.cpp; path = src/mempool.cpp; sourceTree = "<group>"; };
		3DE109120D22A69100F2ADEC /* mempool.h */ = {isa = PBXFileReference; fileEncoding = 30; lastKnownFileType = sourcecode.c.h; name = mempool.h; path = src/mempool.h; sourceTree = "<group>"; };
		3DE109130D22A69100F2ADEC /* mfstream.cpp */ = {isa = PBXFileReference; fileEncoding = 30; lastKnownFileType = sourcecode.cpp.cpp; name = mfstream.cpp; path = src/mfstream.cpp; sourceTree = "<group>"; };
		3DE109140D22A69100F2ADEC /* mfstream.h */ = {isa = PBXFileReference; fileEncoding = 30; lastKnownFileType = sourcecode.c.h; name = mfstream.h; path = src/mfstream.h; sourceTree = "<group>"; };
		3DE109150D22A69100F2ADEC /* n_gram.cpp */ = {isa = PBXFileReference; fileEncoding = 30; lastKnownFileType = sourcecode.cpp.cpp; name = n_gram.cpp; path = src/n_gram.cpp; sourceTree = "<group>"; };
		3DE109160D22A69100F2ADEC /* n_gram.h */ = {isa = PBXFileReference; fileEncoding = 30; lastKnownFileType = sourcecode.c.h; name = n_gram.h; path = src/n_gram.h; sourceTree = "<group>"; };
		3DE109170D22A69100F2ADEC /* ngramcache.cpp */ = {isa = PBXFileReference; fileEncoding = 30; lastKnownFileType = sourcecode.cpp.cpp; name = ngramcache.cpp; path = src/ngramcache.cpp; sourceTree = "<group>"; };
		3DE109180D22A69100F2ADEC /* ngramcache.h */ = {isa = PBXFileReference; fileEncoding = 30; lastKnownFileType = sourcecode.c.h; name = ngramcache.h; path = src/ngramcache.h; sourceTree = "<group>"; };
		3DE109190D22A69100F2ADEC /* ngramtable.cpp */ = {isa = PBXFileReference; fileEncoding = 30; lastKnownFileType = sourcecode.cpp.cpp; name = ngramtable.cpp; path = src/ngramtable.cpp; sourceTree = "<group>"; };
		3DE1091A0D22A69100F2ADEC /* ngramtable.h */ = {isa = PBXFileReference; fileEncoding = 30; lastKnownFileType = sourcecode.c.h; name = ngramtable.h; path = src/ngramtable.h; sourceTree = "<group>"; };
		3DE1091B0D22A69100F2ADEC /* ngt.cpp */ = {isa = PBXFileReference; fileEncoding = 30; lastKnownFileType = sourcecode.cpp.cpp; name = ngt.cpp; path = src/ngt.cpp; sourceTree = "<group>"; };
		3DE1091C0D22A69100F2ADEC /* quantize-lm.cpp */ = {isa = PBXFileReference; fileEncoding = 30; lastKnownFileType = sourcecode.cpp.cpp; name = "quantize-lm.cpp"; path = "src/quantize-lm.cpp"; sourceTree = "<group>"; };
		3DE1091D0D22A69100F2ADEC /* util.cpp */ = {isa = PBXFileReference; fileEncoding = 30; lastKnownFileType = sourcecode.cpp.cpp; name = util.cpp; path = src/util.cpp; sourceTree = "<group>"; };
		3DE1091E0D22A69100F2ADEC /* util.h */ = {isa = PBXFileReference; fileEncoding = 30; lastKnownFileType = sourcecode.c.h; name = util.h; path = src/util.h; sourceTree = "<group>"; };
/* End PBXFileReference section */

/* Begin PBXGroup section */
		08FB7794FE84155DC02AAC07 /* IRSTLM */ = {
			isa = PBXGroup;
			children = (
				08FB7795FE84155DC02AAC07 /* Source */,
				C6859E8C029090F304C91782 /* Documentation */,
				1AB674ADFE9D54B511CA2CBB /* Products */,
			);
			name = IRSTLM;
			sourceTree = "<group>";
		};
		08FB7795FE84155DC02AAC07 /* Source */ = {
			isa = PBXGroup;
			children = (
				3DE109020D22A69100F2ADEC /* cmd.c */,
				3DE109030D22A69100F2ADEC /* cmd.h */,
				3DE109040D22A69100F2ADEC /* compile-lm.cpp */,
				3DE109050D22A69100F2ADEC /* dict.cpp */,
				3DE109060D22A69100F2ADEC /* dictionary.cpp */,
				3DE109070D22A69100F2ADEC /* dictionary.h */,
				3DE109080D22A69100F2ADEC /* gzfilebuf.h */,
				3DE109090D22A69100F2ADEC /* htable.cpp */,
				3DE1090A0D22A69100F2ADEC /* htable.h */,
				3DE1090B0D22A69100F2ADEC /* index.h */,
				3DE1090C0D22A69100F2ADEC /* lmmacro.cpp */,
				3DE1090D0D22A69100F2ADEC /* lmmacro.h */,
				3DE1090E0D22A69100F2ADEC /* lmtable.cpp */,
				3DE1090F0D22A69100F2ADEC /* lmtable.h */,
				3DE109110D22A69100F2ADEC /* mempool.cpp */,
				3DE109120D22A69100F2ADEC /* mempool.h */,
				3DE109130D22A69100F2ADEC /* mfstream.cpp */,
				3DE109140D22A69100F2ADEC /* mfstream.h */,
				3DE109150D22A69100F2ADEC /* n_gram.cpp */,
				3DE109160D22A69100F2ADEC /* n_gram.h */,
				3DE109170D22A69100F2ADEC /* ngramcache.cpp */,
				3DE109180D22A69100F2ADEC /* ngramcache.h */,
				3DE109190D22A69100F2ADEC /* ngramtable.cpp */,
				3DE1091A0D22A69100F2ADEC /* ngramtable.h */,
				3DE1091B0D22A69100F2ADEC /* ngt.cpp */,
				3DE1091C0D22A69100F2ADEC /* quantize-lm.cpp */,
				3DE1091D0D22A69100F2ADEC /* util.cpp */,
				3DE1091E0D22A69100F2ADEC /* util.h */,
			);
			name = Source;
			sourceTree = "<group>";
		};
		1AB674ADFE9D54B511CA2CBB /* Products */ = {
			isa = PBXGroup;
			children = (
			);
			name = Products;
			sourceTree = "<group>";
		};
		C6859E8C029090F304C91782 /* Documentation */ = {
			isa = PBXGroup;
			children = (
			);
			name = Documentation;
			sourceTree = "<group>";
		};
/* End PBXGroup section */

/* Begin PBXProject section */
		08FB7793FE84155DC02AAC07 /* Project object */ = {
			isa = PBXProject;
			buildConfigurationList = 1DEB923508733DC60010E9CD /* Build configuration list for PBXProject "IRSTLM" */;
			buildSettings = {
			};
			buildStyles = (
				014CEA460018CE2711CA2923 /* Debug */,
				014CEA470018CE2711CA2923 /* Release */,
			);
			hasScannedForEncodings = 1;
			mainGroup = 08FB7794FE84155DC02AAC07 /* IRSTLM */;
			projectDirPath = "";
			targets = (
			);
		};
/* End PBXProject section */

/* Begin XCBuildConfiguration section */
		1DEB923608733DC60010E9CD /* Debug */ = {
			isa = XCBuildConfiguration;
			buildSettings = {
				GCC_WARN_ABOUT_RETURN_TYPE = YES;
				GCC_WARN_UNUSED_VARIABLE = YES;
				PREBINDING = NO;
				SDKROOT = /Developer/SDKs/MacOSX10.4u.sdk;
			};
			name = Debug;
		};
		1DEB923708733DC60010E9CD /* Release */ = {
			isa = XCBuildConfiguration;
			buildSettings = {
				GCC_WARN_ABOUT_RETURN_TYPE = YES;
				GCC_WARN_UNUSED_VARIABLE = YES;
				PREBINDING = NO;
				SDKROOT = /Developer/SDKs/MacOSX10.4u.sdk;
			};
			name = Release;
		};
/* End XCBuildConfiguration section */

/* Begin XCConfigurationList section */
		1DEB923508733DC60010E9CD /* Build configuration list for PBXProject "IRSTLM" */ = {
			isa = XCConfigurationList;
			buildConfigurations = (
				1DEB923608733DC60010E9CD /* Debug */,
				1DEB923708733DC60010E9CD /* Release */,
			);
			defaultConfigurationIsVisible = 0;
			defaultConfigurationName = Release;
		};
/* End XCConfigurationList section */
	};
	rootObject = 08FB7793FE84155DC02AAC07 /* Project object */;
}
