// !$*UTF8*$!
{
	archiveVersion = 1;
	classes = {
	};
	objectVersion = 42;
	objects = {

/* Begin PBXBuildFile section */
		D701C7880B2EB27C007D2774 /* cmd.c in Sources */ = {isa = PBXBuildFile; fileRef = D701C7870B2EB27C007D2774 /* cmd.c */; };
		D701C7940B2EB37D007D2774 /* dictionary.cpp in Sources */ = {isa = PBXBuildFile; fileRef = D701C78D0B2EB37D007D2774 /* dictionary.cpp */; };
		D701C7950B2EB37D007D2774 /* htable.cpp in Sources */ = {isa = PBXBuildFile; fileRef = D701C78E0B2EB37D007D2774 /* htable.cpp */; };
		D701C7960B2EB37D007D2774 /* lmtable.cpp in Sources */ = {isa = PBXBuildFile; fileRef = D701C78F0B2EB37D007D2774 /* lmtable.cpp */; };
		D701C7970B2EB37D007D2774 /* mempool.cpp in Sources */ = {isa = PBXBuildFile; fileRef = D701C7900B2EB37D007D2774 /* mempool.cpp */; };
		D701C7980B2EB37D007D2774 /* n_gram.cpp in Sources */ = {isa = PBXBuildFile; fileRef = D701C7910B2EB37D007D2774 /* n_gram.cpp */; };
		D701C7990B2EB37D007D2774 /* ngramcache.cpp in Sources */ = {isa = PBXBuildFile; fileRef = D701C7920B2EB37D007D2774 /* ngramcache.cpp */; };
		D701C79A0B2EB37D007D2774 /* util.cpp in Sources */ = {isa = PBXBuildFile; fileRef = D701C7930B2EB37D007D2774 /* util.cpp */; };
		D701C7A60B2EB472007D2774 /* cmd.h in Headers */ = {isa = PBXBuildFile; fileRef = D701C79C0B2EB472007D2774 /* cmd.h */; };
		D701C7A70B2EB472007D2774 /* dictionary.h in Headers */ = {isa = PBXBuildFile; fileRef = D701C79D0B2EB472007D2774 /* dictionary.h */; };
		D701C7A80B2EB472007D2774 /* gzfilebuf.h in Headers */ = {isa = PBXBuildFile; fileRef = D701C79E0B2EB472007D2774 /* gzfilebuf.h */; };
		D701C7A90B2EB472007D2774 /* htable.h in Headers */ = {isa = PBXBuildFile; fileRef = D701C79F0B2EB472007D2774 /* htable.h */; };
		D701C7AA0B2EB472007D2774 /* index.h in Headers */ = {isa = PBXBuildFile; fileRef = D701C7A00B2EB472007D2774 /* index.h */; };
		D701C7AB0B2EB472007D2774 /* lmtable.h in Headers */ = {isa = PBXBuildFile; fileRef = D701C7A10B2EB472007D2774 /* lmtable.h */; };
		D701C7AC0B2EB472007D2774 /* mempool.h in Headers */ = {isa = PBXBuildFile; fileRef = D701C7A20B2EB472007D2774 /* mempool.h */; };
		D701C7AD0B2EB472007D2774 /* n_gram.h in Headers */ = {isa = PBXBuildFile; fileRef = D701C7A30B2EB472007D2774 /* n_gram.h */; };
		D701C7AE0B2EB472007D2774 /* ngramcache.h in Headers */ = {isa = PBXBuildFile; fileRef = D701C7A40B2EB472007D2774 /* ngramcache.h */; };
		D701C7AF0B2EB472007D2774 /* util.h in Headers */ = {isa = PBXBuildFile; fileRef = D701C7A50B2EB472007D2774 /* util.h */; };
		D77D1C430B2F1FCA00D79D16 /* quantize-lm.cpp in Sources */ = {isa = PBXBuildFile; fileRef = D77D1C420B2F1FCA00D79D16 /* quantize-lm.cpp */; };
		D7E4C0780B2EB75E00DDA2A4 /* libirstlm.a in Frameworks */ = {isa = PBXBuildFile; fileRef = D7E4C0190B2EB5C100DDA2A4 /* libirstlm.a */; };
/* End PBXBuildFile section */

/* Begin PBXContainerItemProxy section */
		D701C74E0B2EAEDB007D2774 /* PBXContainerItemProxy */ = {
			isa = PBXContainerItemProxy;
			containerPortal = 08FB7793FE84155DC02AAC07 /* Project object */;
			proxyType = 1;
			remoteGlobalIDString = D733D3F30B1F3B0800565249;
			remoteInfo = irstlm;
		};
		D77D1C210B2F1D7B00D79D16 /* PBXContainerItemProxy */ = {
			isa = PBXContainerItemProxy;
			containerPortal = 08FB7793FE84155DC02AAC07 /* Project object */;
			proxyType = 1;
			remoteGlobalIDString = D733D3F30B1F3B0800565249 /* irstlm */;
			remoteInfo = irstlm;
		};
/* End PBXContainerItemProxy section */

/* Begin PBXFileReference section */
		D701C7870B2EB27C007D2774 /* cmd.c */ = {isa = PBXFileReference; fileEncoding = 4; lastKnownFileType = sourcecode.c.c; name = cmd.c; path = src/cmd.c; sourceTree = "<group>"; };
		D701C78D0B2EB37D007D2774 /* dictionary.cpp */ = {isa = PBXFileReference; fileEncoding = 4; lastKnownFileType = sourcecode.cpp.cpp; name = dictionary.cpp; path = src/dictionary.cpp; sourceTree = "<group>"; };
		D701C78E0B2EB37D007D2774 /* htable.cpp */ = {isa = PBXFileReference; fileEncoding = 4; lastKnownFileType = sourcecode.cpp.cpp; name = htable.cpp; path = src/htable.cpp; sourceTree = "<group>"; };
		D701C78F0B2EB37D007D2774 /* lmtable.cpp */ = {isa = PBXFileReference; fileEncoding = 4; lastKnownFileType = sourcecode.cpp.cpp; name = lmtable.cpp; path = src/lmtable.cpp; sourceTree = "<group>"; };
		D701C7900B2EB37D007D2774 /* mempool.cpp */ = {isa = PBXFileReference; fileEncoding = 4; lastKnownFileType = sourcecode.cpp.cpp; name = mempool.cpp; path = src/mempool.cpp; sourceTree = "<group>"; };
		D701C7910B2EB37D007D2774 /* n_gram.cpp */ = {isa = PBXFileReference; fileEncoding = 4; lastKnownFileType = sourcecode.cpp.cpp; name = n_gram.cpp; path = src/n_gram.cpp; sourceTree = "<group>"; };
		D701C7920B2EB37D007D2774 /* ngramcache.cpp */ = {isa = PBXFileReference; fileEncoding = 4; lastKnownFileType = sourcecode.cpp.cpp; name = ngramcache.cpp; path = src/ngramcache.cpp; sourceTree = "<group>"; };
		D701C7930B2EB37D007D2774 /* util.cpp */ = {isa = PBXFileReference; fileEncoding = 4; lastKnownFileType = sourcecode.cpp.cpp; name = util.cpp; path = src/util.cpp; sourceTree = "<group>"; };
		D701C79C0B2EB472007D2774 /* cmd.h */ = {isa = PBXFileReference; fileEncoding = 4; lastKnownFileType = sourcecode.c.h; name = cmd.h; path = src/cmd.h; sourceTree = "<group>"; };
		D701C79D0B2EB472007D2774 /* dictionary.h */ = {isa = PBXFileReference; fileEncoding = 4; lastKnownFileType = sourcecode.c.h; name = dictionary.h; path = src/dictionary.h; sourceTree = "<group>"; };
		D701C79E0B2EB472007D2774 /* gzfilebuf.h */ = {isa = PBXFileReference; fileEncoding = 4; lastKnownFileType = sourcecode.c.h; name = gzfilebuf.h; path = src/gzfilebuf.h; sourceTree = "<group>"; };
		D701C79F0B2EB472007D2774 /* htable.h */ = {isa = PBXFileReference; fileEncoding = 4; lastKnownFileType = sourcecode.c.h; name = htable.h; path = src/htable.h; sourceTree = "<group>"; };
		D701C7A00B2EB472007D2774 /* index.h */ = {isa = PBXFileReference; fileEncoding = 4; lastKnownFileType = sourcecode.c.h; name = index.h; path = src/index.h; sourceTree = "<group>"; };
		D701C7A10B2EB472007D2774 /* lmtable.h */ = {isa = PBXFileReference; fileEncoding = 4; lastKnownFileType = sourcecode.c.h; name = lmtable.h; path = src/lmtable.h; sourceTree = "<group>"; };
		D701C7A20B2EB472007D2774 /* mempool.h */ = {isa = PBXFileReference; fileEncoding = 4; lastKnownFileType = sourcecode.c.h; name = mempool.h; path = src/mempool.h; sourceTree = "<group>"; };
		D701C7A30B2EB472007D2774 /* n_gram.h */ = {isa = PBXFileReference; fileEncoding = 4; lastKnownFileType = sourcecode.c.h; name = n_gram.h; path = src/n_gram.h; sourceTree = "<group>"; };
		D701C7A40B2EB472007D2774 /* ngramcache.h */ = {isa = PBXFileReference; fileEncoding = 4; lastKnownFileType = sourcecode.c.h; name = ngramcache.h; path = src/ngramcache.h; sourceTree = "<group>"; };
		D701C7A50B2EB472007D2774 /* util.h */ = {isa = PBXFileReference; fileEncoding = 4; lastKnownFileType = sourcecode.c.h; name = util.h; path = src/util.h; sourceTree = "<group>"; };
		D701C7B00B2EB4D8007D2774 /* makefile */ = {isa = PBXFileReference; fileEncoding = 4; lastKnownFileType = sourcecode.make; name = makefile; path = src/makefile; sourceTree = "<group>"; };
		D77D1C1F0B2F1D7200D79D16 /* quantize-lm */ = {isa = PBXFileReference; includeInIndex = 0; lastKnownFileType = "compiled.mach-o.executable"; path = "quantize-lm"; sourceTree = BUILT_PRODUCTS_DIR; };
		D77D1C420B2F1FCA00D79D16 /* quantize-lm.cpp */ = {isa = PBXFileReference; fileEncoding = 4; lastKnownFileType = sourcecode.cpp.cpp; name = "quantize-lm.cpp"; path = "src/quantize-lm.cpp"; sourceTree = "<group>"; };
		D7E4C0170B2EB5C100DDA2A4 /* compile-lm */ = {isa = PBXFileReference; explicitFileType = "compiled.mach-o.executable"; includeInIndex = 0; path = "compile-lm"; sourceTree = BUILT_PRODUCTS_DIR; };
		D7E4C0190B2EB5C100DDA2A4 /* libirstlm.a */ = {isa = PBXFileReference; explicitFileType = archive.ar; includeInIndex = 0; path = libirstlm.a; sourceTree = BUILT_PRODUCTS_DIR; };
/* End PBXFileReference section */

/* Begin PBXFrameworksBuildPhase section */
		D701C7230B2EACC4007D2774 /* Frameworks */ = {
			isa = PBXFrameworksBuildPhase;
			buildActionMask = 2147483647;
			files = (
				D7E4C0780B2EB75E00DDA2A4 /* libirstlm.a in Frameworks */,
			);
			runOnlyForDeploymentPostprocessing = 0;
		};
		D733D3F20B1F3B0800565249 /* Frameworks */ = {
			isa = PBXFrameworksBuildPhase;
			buildActionMask = 2147483647;
			files = (
			);
			runOnlyForDeploymentPostprocessing = 0;
		};
		D77D1C1D0B2F1D7200D79D16 /* Frameworks */ = {
			isa = PBXFrameworksBuildPhase;
			buildActionMask = 2147483647;
			files = (
			);
			runOnlyForDeploymentPostprocessing = 0;
		};
/* End PBXFrameworksBuildPhase section */

/* Begin PBXGroup section */
		08FB7794FE84155DC02AAC07 /* irstlm */ = {
			isa = PBXGroup;
			children = (
				D701C78C0B2EB333007D2774 /* src */,
				D701C7B00B2EB4D8007D2774 /* makefile */,
				D7E4C0170B2EB5C100DDA2A4 /* compile-lm */,
				D7E4C0190B2EB5C100DDA2A4 /* libirstlm.a */,
				D77D1C1F0B2F1D7200D79D16 /* quantize-lm */,
			);
			name = irstlm;
			sourceTree = "<group>";
		};
		D701C78C0B2EB333007D2774 /* src */ = {
			isa = PBXGroup;
			children = (
				D77D1C420B2F1FCA00D79D16 /* quantize-lm.cpp */,
				D701C7930B2EB37D007D2774 /* util.cpp */,
				D701C7910B2EB37D007D2774 /* n_gram.cpp */,
				D701C78D0B2EB37D007D2774 /* dictionary.cpp */,
				D701C79C0B2EB472007D2774 /* cmd.h */,
				D701C79D0B2EB472007D2774 /* dictionary.h */,
				D701C79E0B2EB472007D2774 /* gzfilebuf.h */,
				D701C79F0B2EB472007D2774 /* htable.h */,
				D701C7A00B2EB472007D2774 /* index.h */,
				D701C7A10B2EB472007D2774 /* lmtable.h */,
				D701C7A20B2EB472007D2774 /* mempool.h */,
				D701C7A30B2EB472007D2774 /* n_gram.h */,
				D701C7A40B2EB472007D2774 /* ngramcache.h */,
				D701C7A50B2EB472007D2774 /* util.h */,
				D701C78E0B2EB37D007D2774 /* htable.cpp */,
				D701C78F0B2EB37D007D2774 /* lmtable.cpp */,
				D701C7900B2EB37D007D2774 /* mempool.cpp */,
				D701C7920B2EB37D007D2774 /* ngramcache.cpp */,
				D701C7870B2EB27C007D2774 /* cmd.c */,
			);
			name = src;
			sourceTree = "<group>";
		};
/* End PBXGroup section */

/* Begin PBXHeadersBuildPhase section */
		D733D3F00B1F3B0800565249 /* Headers */ = {
			isa = PBXHeadersBuildPhase;
			buildActionMask = 2147483647;
			files = (
				D701C7A60B2EB472007D2774 /* cmd.h in Headers */,
				D701C7A70B2EB472007D2774 /* dictionary.h in Headers */,
				D701C7A80B2EB472007D2774 /* gzfilebuf.h in Headers */,
				D701C7A90B2EB472007D2774 /* htable.h in Headers */,
				D701C7AA0B2EB472007D2774 /* index.h in Headers */,
				D701C7AB0B2EB472007D2774 /* lmtable.h in Headers */,
				D701C7AC0B2EB472007D2774 /* mempool.h in Headers */,
				D701C7AD0B2EB472007D2774 /* n_gram.h in Headers */,
				D701C7AE0B2EB472007D2774 /* ngramcache.h in Headers */,
				D701C7AF0B2EB472007D2774 /* util.h in Headers */,
			);
			runOnlyForDeploymentPostprocessing = 0;
		};
/* End PBXHeadersBuildPhase section */

/* Begin PBXNativeTarget section */
		D701C7240B2EACC4007D2774 /* compile-lm */ = {
			isa = PBXNativeTarget;
			buildConfigurationList = D701C7270B2EACFF007D2774 /* Build configuration list for PBXNativeTarget "compile-lm" */;
			buildPhases = (
				D701C7220B2EACC4007D2774 /* Sources */,
				D701C7230B2EACC4007D2774 /* Frameworks */,
			);
			buildRules = (
			);
			comments = "Command to compile a LM into a binary format\n";
			dependencies = (
				D701C74F0B2EAEDB007D2774 /* PBXTargetDependency */,
			);
			name = "compile-lm";
			productName = "compile-lm";
			productReference = D7E4C0170B2EB5C100DDA2A4 /* compile-lm */;
			productType = "com.apple.product-type.tool";
		};
		D733D3F30B1F3B0800565249 /* irstlm */ = {
			isa = PBXNativeTarget;
			buildConfigurationList = D733D3F50B1F3B2600565249 /* Build configuration list for PBXNativeTarget "irstlm" */;
			buildPhases = (
				D733D3F00B1F3B0800565249 /* Headers */,
				D733D3F10B1F3B0800565249 /* Sources */,
				D733D3F20B1F3B0800565249 /* Frameworks */,
			);
			buildRules = (
			);
			dependencies = (
			);
			name = irstlm;
			productName = irstlm;
			productReference = D7E4C0190B2EB5C100DDA2A4 /* libirstlm.a */;
			productType = "com.apple.product-type.library.static";
		};
		D77D1C1E0B2F1D7200D79D16 /* quantize-lm */ = {
			isa = PBXNativeTarget;
			buildConfigurationList = D77D1C230B2F1D9900D79D16 /* Build configuration list for PBXNativeTarget "quantize-lm" */;
			buildPhases = (
				D77D1C1C0B2F1D7200D79D16 /* Sources */,
				D77D1C1D0B2F1D7200D79D16 /* Frameworks */,
			);
			buildRules = (
			);
			dependencies = (
				D77D1C220B2F1D7B00D79D16 /* PBXTargetDependency */,
			);
			name = "quantize-lm";
			productName = "quantize-lm";
			productReference = D77D1C1F0B2F1D7200D79D16 /* quantize-lm */;
			productType = "com.apple.product-type.tool";
		};
/* End PBXNativeTarget section */

/* Begin PBXProject section */
		08FB7793FE84155DC02AAC07 /* Project object */ = {
			isa = PBXProject;
			buildConfigurationList = 1DEB923508733DC60010E9CD /* Build configuration list for PBXProject "irstlm" */;
			hasScannedForEncodings = 1;
			mainGroup = 08FB7794FE84155DC02AAC07 /* irstlm */;
			productRefGroup = 08FB7794FE84155DC02AAC07 /* irstlm */;
			projectDirPath = "";
			targets = (
				D733D3F30B1F3B0800565249 /* irstlm */,
				D701C7240B2EACC4007D2774 /* compile-lm */,
				D77D1C1E0B2F1D7200D79D16 /* quantize-lm */,
			);
		};
/* End PBXProject section */

/* Begin PBXSourcesBuildPhase section */
		D701C7220B2EACC4007D2774 /* Sources */ = {
			isa = PBXSourcesBuildPhase;
			buildActionMask = 2147483647;
			files = (
			);
			runOnlyForDeploymentPostprocessing = 0;
		};
		D733D3F10B1F3B0800565249 /* Sources */ = {
			isa = PBXSourcesBuildPhase;
			buildActionMask = 2147483647;
			files = (
				D701C7880B2EB27C007D2774 /* cmd.c in Sources */,
				D701C7940B2EB37D007D2774 /* dictionary.cpp in Sources */,
				D701C7950B2EB37D007D2774 /* htable.cpp in Sources */,
				D701C7960B2EB37D007D2774 /* lmtable.cpp in Sources */,
				D701C7970B2EB37D007D2774 /* mempool.cpp in Sources */,
				D701C7980B2EB37D007D2774 /* n_gram.cpp in Sources */,
				D701C7990B2EB37D007D2774 /* ngramcache.cpp in Sources */,
				D701C79A0B2EB37D007D2774 /* util.cpp in Sources */,
			);
			runOnlyForDeploymentPostprocessing = 0;
		};
		D77D1C1C0B2F1D7200D79D16 /* Sources */ = {
			isa = PBXSourcesBuildPhase;
			buildActionMask = 2147483647;
			files = (
				D77D1C430B2F1FCA00D79D16 /* quantize-lm.cpp in Sources */,
			);
			runOnlyForDeploymentPostprocessing = 0;
		};
/* End PBXSourcesBuildPhase section */

/* Begin PBXTargetDependency section */
		D701C74F0B2EAEDB007D2774 /* PBXTargetDependency */ = {
			isa = PBXTargetDependency;
			target = D733D3F30B1F3B0800565249 /* irstlm */;
			targetProxy = D701C74E0B2EAEDB007D2774 /* PBXContainerItemProxy */;
		};
		D77D1C220B2F1D7B00D79D16 /* PBXTargetDependency */ = {
			isa = PBXTargetDependency;
			target = D733D3F30B1F3B0800565249 /* irstlm */;
			targetProxy = D77D1C210B2F1D7B00D79D16 /* PBXContainerItemProxy */;
		};
/* End PBXTargetDependency section */

/* Begin XCBuildConfiguration section */
		1DEB923608733DC60010E9CD /* Debug */ = {
			isa = XCBuildConfiguration;
			buildSettings = {
				GCC_WARN_ABOUT_RETURN_TYPE = YES;
				GCC_WARN_UNUSED_VARIABLE = YES;
				PREBINDING = NO;
				SDKROOT = /Developer/SDKs/MacOSX10.4u.sdk;
			};
			name = Debug;
		};
		1DEB923708733DC60010E9CD /* Release */ = {
			isa = XCBuildConfiguration;
			buildSettings = {
				GCC_WARN_ABOUT_RETURN_TYPE = YES;
				GCC_WARN_UNUSED_VARIABLE = YES;
				PREBINDING = NO;
				SDKROOT = /Developer/SDKs/MacOSX10.4u.sdk;
			};
			name = Release;
		};
		D701C7280B2EACFF007D2774 /* Debug */ = {
			isa = XCBuildConfiguration;
			buildSettings = {
				COPY_PHASE_STRIP = NO;
				GCC_DYNAMIC_NO_PIC = NO;
				GCC_ENABLE_FIX_AND_CONTINUE = YES;
				GCC_GENERATE_DEBUGGING_SYMBOLS = YES;
				GCC_MODEL_TUNING = G5;
				GCC_OPTIMIZATION_LEVEL = 0;
				INSTALL_PATH = "$(HOME)/bin";
				LIBRARY_SEARCH_PATHS = (
					"$(inherited)",
					"$(LIBRARY_SEARCH_PATHS_QUOTED_1)",
				);
				LIBRARY_SEARCH_PATHS_QUOTED_1 = "\"$(SRCROOT)/build/Debug\"";
				OTHER_LDFLAGS = (
					"-lz",
					"-lirstlm",
					"$(inherited)",
				);
				PREBINDING = NO;
				PRODUCT_NAME = "compile-lm";
				ZERO_LINK = YES;
			};
			name = Debug;
		};
		D701C7290B2EACFF007D2774 /* Release */ = {
			isa = XCBuildConfiguration;
			buildSettings = {
				COPY_PHASE_STRIP = YES;
				GCC_ENABLE_FIX_AND_CONTINUE = NO;
				GCC_GENERATE_DEBUGGING_SYMBOLS = NO;
				GCC_MODEL_TUNING = G5;
				INSTALL_PATH = "$(HOME)/bin";
				LIBRARY_SEARCH_PATHS = (
					"$(inherited)",
					"$(LIBRARY_SEARCH_PATHS_QUOTED_1)",
				);
				LIBRARY_SEARCH_PATHS_QUOTED_1 = "\"$(SRCROOT)/build/Debug\"";
				OTHER_LDFLAGS = (
					"-lz",
					"-lirstlm",
					"$(inherited)",
				);
				PREBINDING = NO;
				PRODUCT_NAME = "compile-lm";
				ZERO_LINK = NO;
			};
			name = Release;
		};
		D733D3F60B1F3B2600565249 /* Debug */ = {
			isa = XCBuildConfiguration;
			buildSettings = {
				COPY_PHASE_STRIP = NO;
				GCC_DYNAMIC_NO_PIC = NO;
				GCC_ENABLE_FIX_AND_CONTINUE = YES;
				GCC_GENERATE_DEBUGGING_SYMBOLS = YES;
				GCC_MODEL_TUNING = G5;
				GCC_OPTIMIZATION_LEVEL = 0;
				INSTALL_PATH = /usr/local/lib;
				LIBRARY_SEARCH_PATHS = (
					"$(inherited)",
					"$(LIBRARY_SEARCH_PATHS_QUOTED_1)",
				);
				LIBRARY_SEARCH_PATHS_QUOTED_1 = "\"$(SRCROOT)/src\"";
				PREBINDING = NO;
				PRODUCT_NAME = irstlm;
				ZERO_LINK = YES;
			};
			name = Debug;
		};
		D733D3F70B1F3B2600565249 /* Release */ = {
			isa = XCBuildConfiguration;
			buildSettings = {
				COPY_PHASE_STRIP = YES;
				GCC_ENABLE_FIX_AND_CONTINUE = NO;
				GCC_GENERATE_DEBUGGING_SYMBOLS = NO;
				GCC_MODEL_TUNING = G5;
				INSTALL_PATH = /usr/local/lib;
				LIBRARY_SEARCH_PATHS = (
					"$(inherited)",
					"$(LIBRARY_SEARCH_PATHS_QUOTED_1)",
				);
				LIBRARY_SEARCH_PATHS_QUOTED_1 = "\"$(SRCROOT)/src\"";
				PREBINDING = NO;
				PRODUCT_NAME = irstlm;
				ZERO_LINK = NO;
			};
			name = Release;
		};
		D77D1C240B2F1D9900D79D16 /* Debug */ = {
			isa = XCBuildConfiguration;
			buildSettings = {
				COPY_PHASE_STRIP = NO;
				GCC_DYNAMIC_NO_PIC = NO;
				GCC_ENABLE_FIX_AND_CONTINUE = YES;
				GCC_GENERATE_DEBUGGING_SYMBOLS = YES;
				GCC_MODEL_TUNING = G5;
				GCC_OPTIMIZATION_LEVEL = 0;
				INSTALL_PATH = "$(HOME)/bin";
				OTHER_LDFLAGS = (
					"-lz",
					"-lirstlm",
					"$(inherited)",
				);
				PREBINDING = NO;
				PRODUCT_NAME = "quantize-lm";
				ZERO_LINK = YES;
			};
			name = Debug;
		};
		D77D1C250B2F1D9900D79D16 /* Release */ = {
			isa = XCBuildConfiguration;
			buildSettings = {
				COPY_PHASE_STRIP = YES;
				GCC_ENABLE_FIX_AND_CONTINUE = NO;
				GCC_GENERATE_DEBUGGING_SYMBOLS = NO;
				GCC_MODEL_TUNING = G5;
				INSTALL_PATH = "$(HOME)/bin";
				OTHER_LDFLAGS = (
					"-lz",
					"-lirstlm",
					"$(inherited)",
				);
				PREBINDING = NO;
				PRODUCT_NAME = "quantize-lm";
				ZERO_LINK = NO;
			};
			name = Release;
		};
/* End XCBuildConfiguration section */

/* Begin XCConfigurationList section */
		1DEB923508733DC60010E9CD /* Build configuration list for PBXProject "irstlm" */ = {
			isa = XCConfigurationList;
			buildConfigurations = (
				1DEB923608733DC60010E9CD /* Debug */,
				1DEB923708733DC60010E9CD /* Release */,
			);
			defaultConfigurationIsVisible = 0;
			defaultConfigurationName = Release;
		};
		D701C7270B2EACFF007D2774 /* Build configuration list for PBXNativeTarget "compile-lm" */ = {
			isa = XCConfigurationList;
			buildConfigurations = (
				D701C7280B2EACFF007D2774 /* Debug */,
				D701C7290B2EACFF007D2774 /* Release */,
			);
			defaultConfigurationIsVisible = 0;
			defaultConfigurationName = Release;
		};
		D733D3F50B1F3B2600565249 /* Build configuration list for PBXNativeTarget "irstlm" */ = {
			isa = XCConfigurationList;
			buildConfigurations = (
				D733D3F60B1F3B2600565249 /* Debug */,
				D733D3F70B1F3B2600565249 /* Release */,
			);
			defaultConfigurationIsVisible = 0;
			defaultConfigurationName = Release;
		};
		D77D1C230B2F1D9900D79D16 /* Build configuration list for PBXNativeTarget "quantize-lm" */ = {
			isa = XCConfigurationList;
			buildConfigurations = (
				D77D1C240B2F1D9900D79D16 /* Debug */,
				D77D1C250B2F1D9900D79D16 /* Release */,
			);
			defaultConfigurationIsVisible = 0;
			defaultConfigurationName = Release;
		};
/* End XCConfigurationList section */
	};
	rootObject = 08FB7793FE84155DC02AAC07 /* Project object */;
}
